
Microsoft Visual Studio Solution File, Format Version 12.00
# Visual Studio Version 16
VisualStudioVersion = 16.0.29123.88
MinimumVisualStudioVersion = 10.0.40219.1
Project("{FAE04EC0-301F-11D3-BF4B-00C04F79EFBC}") = "WindowsFormsApp3", "WindowsFormsApp3\WindowsFormsApp3.csproj", "{C6923A7A-7412-43E2-9814-073BF09864EB}"
EndProject
Global
	GlobalSection(SolutionConfigurationPlatforms) = preSolution
		Debug|Any CPU = Debug|Any CPU
		Release|Any CPU = Release|Any CPU
	EndGlobalSection
	GlobalSection(ProjectConfigurationPlatforms) = postSolution
		{C6923A7A-7412-43E2-9814-073BF09864EB}.Debug|Any CPU.ActiveCfg = Debug|Any CPU
		{C6923A7A-7412-43E2-9814-073BF09864EB}.Debug|Any CPU.Build.0 = Debug|Any CPU
		{C6923A7A-7412-43E2-9814-073BF09864EB}.Release|Any CPU.ActiveCfg = Release|Any CPU
		{C6923A7A-7412-43E2-9814-073BF09864EB}.Release|Any CPU.Build.0 = Release|Any CPU
	EndGlobalSection
	GlobalSection(SolutionProperties) = preSolution
		HideSolutionNode = FALSE
	EndGlobalSection
	GlobalSection(ExtensibilityGlobals) = postSolution
		SolutionGuid = {52F3C020-FED0-4817-A163-E3FD8D866959}
	EndGlobalSection
EndGlobal
